// !$*UTF8*$!
{
	archiveVersion = 1;
	classes = {
	};
	objectVersion = 46;
	objects = {

/* Begin PBXBuildFile section */
		467C18D81EBD297E009DD784 /* AppDelegate.swift in Sources */ = {isa = PBXBuildFile; fileRef = 467C18D71EBD297E009DD784 /* AppDelegate.swift */; };
		467C18DA1EBD297E009DD784 /* ViewController.swift in Sources */ = {isa = PBXBuildFile; fileRef = 467C18D91EBD297E009DD784 /* ViewController.swift */; };
		467C18DD1EBD297E009DD784 /* Main.storyboard in Resources */ = {isa = PBXBuildFile; fileRef = 467C18DB1EBD297E009DD784 /* Main.storyboard */; };
		467C18DF1EBD297E009DD784 /* Assets.xcassets in Resources */ = {isa = PBXBuildFile; fileRef = 467C18DE1EBD297E009DD784 /* Assets.xcassets */; };
		467C18E21EBD297E009DD784 /* LaunchScreen.storyboard in Resources */ = {isa = PBXBuildFile; fileRef = 467C18E01EBD297E009DD784 /* LaunchScreen.storyboard */; };
		467C18EA1EBD2C7D009DD784 /* background.jpg in Resources */ = {isa = PBXBuildFile; fileRef = 467C18E91EBD2C7D009DD784 /* background.jpg */; };
		467C18EC1EBD3A2E009DD784 /* Default-568h@2x.png in Resources */ = {isa = PBXBuildFile; fileRef = 467C18EB1EBD3A2E009DD784 /* Default-568h@2x.png */; };
/* End PBXBuildFile section */

/* Begin PBXFileReference section */
		467C18D41EBD297E009DD784 /* Whats the Weather.app */ = {isa = PBXFileReference; explicitFileType = wrapper.application; includeInIndex = 0; path = "Whats the Weather.app"; sourceTree = BUILT_PRODUCTS_DIR; };
		467C18D71EBD297E009DD784 /* AppDelegate.swift */ = {isa = PBXFileReference; lastKnownFileType = sourcecode.swift; path = AppDelegate.swift; sourceTree = "<group>"; };
		467C18D91EBD297E009DD784 /* ViewController.swift */ = {isa = PBXFileReference; lastKnownFileType = sourcecode.swift; path = ViewController.swift; sourceTree = "<group>"; };
		467C18DC1EBD297E009DD784 /* Base */ = {isa = PBXFileReference; lastKnownFileType = file.storyboard; name = Base; path = Base.lproj/Main.storyboard; sourceTree = "<group>"; };
		467C18DE1EBD297E009DD784 /* Assets.xcassets */ = {isa = PBXFileReference; lastKnownFileType = folder.assetcatalog; path = Assets.xcassets; sourceTree = "<group>"; };
		467C18E11EBD297E009DD784 /* Base */ = {isa = PBXFileReference; lastKnownFileType = file.storyboard; name = Base; path = Base.lproj/LaunchScreen.storyboard; sourceTree = "<group>"; };
		467C18E31EBD297E009DD784 /* Info.plist */ = {isa = PBXFileReference; lastKnownFileType = text.plist.xml; path = Info.plist; sourceTree = "<group>"; };
		467C18E91EBD2C7D009DD784 /* background.jpg */ = {isa = PBXFileReference; lastKnownFileType = image.jpeg; path = background.jpg; sourceTree = "<group>"; };
		467C18EB1EBD3A2E009DD784 /* Default-568h@2x.png */ = {isa = PBXFileReference; lastKnownFileType = image.png; path = "Default-568h@2x.png"; sourceTree = "<group>"; };
/* End PBXFileReference section */

/* Begin PBXFrameworksBuildPhase section */
		467C18D11EBD297E009DD784 /* Frameworks */ = {
			isa = PBXFrameworksBuildPhase;
			buildActionMask = 2147483647;
			files = (
			);
			runOnlyForDeploymentPostprocessing = 0;
		};
/* End PBXFrameworksBuildPhase section */

/* Begin PBXGroup section */
		467C18CB1EBD297E009DD784 = {
			isa = PBXGroup;
			children = (
				467C18EB1EBD3A2E009DD784 /* Default-568h@2x.png */,
				467C18D61EBD297E009DD784 /* Whats the Weather */,
				467C18D51EBD297E009DD784 /* Products */,
			);
			sourceTree = "<group>";
		};
		467C18D51EBD297E009DD784 /* Products */ = {
			isa = PBXGroup;
			children = (
				467C18D41EBD297E009DD784 /* Whats the Weather.app */,
			);
			name = Products;
			sourceTree = "<group>";
		};
		467C18D61EBD297E009DD784 /* Whats the Weather */ = {
			isa = PBXGroup;
			children = (
				467C18D71EBD297E009DD784 /* AppDelegate.swift */,
				467C18D91EBD297E009DD784 /* ViewController.swift */,
				467C18DB1EBD297E009DD784 /* Main.storyboard */,
				467C18E91EBD2C7D009DD784 /* background.jpg */,
				467C18DE1EBD297E009DD784 /* Assets.xcassets */,
				467C18E01EBD297E009DD784 /* LaunchScreen.storyboard */,
				467C18E31EBD297E009DD784 /* Info.plist */,
			);
			path = "Whats the Weather";
			sourceTree = "<group>";
		};
/* End PBXGroup section */

/* Begin PBXNativeTarget section */
		467C18D31EBD297E009DD784 /* Whats the Weather */ = {
			isa = PBXNativeTarget;
			buildConfigurationList = 467C18E61EBD297E009DD784 /* Build configuration list for PBXNativeTarget "Whats the Weather" */;
			buildPhases = (
				467C18D01EBD297E009DD784 /* Sources */,
				467C18D11EBD297E009DD784 /* Frameworks */,
				467C18D21EBD297E009DD784 /* Resources */,
			);
			buildRules = (
			);
			dependencies = (
			);
			name = "Whats the Weather";
			productName = "Whats the Weather";
			productReference = 467C18D41EBD297E009DD784 /* Whats the Weather.app */;
			productType = "com.apple.product-type.application";
		};
/* End PBXNativeTarget section */

/* Begin PBXProject section */
		467C18CC1EBD297E009DD784 /* Project object */ = {
			isa = PBXProject;
			attributes = {
				LastSwiftUpdateCheck = 0830;
				LastUpgradeCheck = 0830;
				ORGANIZATIONNAME = "EHS LLC";
				TargetAttributes = {
					467C18D31EBD297E009DD784 = {
						CreatedOnToolsVersion = 8.3.2;
						ProvisioningStyle = Automatic;
					};
				};
			};
			buildConfigurationList = 467C18CF1EBD297E009DD784 /* Build configuration list for PBXProject "Whats the Weather" */;
			compatibilityVersion = "Xcode 3.2";
			developmentRegion = English;
			hasScannedForEncodings = 0;
			knownRegions = (
				en,
				Base,
			);
			mainGroup = 467C18CB1EBD297E009DD784;
			productRefGroup = 467C18D51EBD297E009DD784 /* Products */;
			projectDirPath = "";
			projectRoot = "";
			targets = (
				467C18D31EBD297E009DD784 /* Whats the Weather */,
			);
		};
/* End PBXProject section */

/* Begin PBXResourcesBuildPhase section */
		467C18D21EBD297E009DD784 /* Resources */ = {
			isa = PBXResourcesBuildPhase;
			buildActionMask = 2147483647;
			files = (
				467C18E21EBD297E009DD784 /* LaunchScreen.storyboard in Resources */,
				467C18EA1EBD2C7D009DD784 /* background.jpg in Resources */,
				467C18DF1EBD297E009DD784 /* Assets.xcassets in Resources */,
				467C18EC1EBD3A2E009DD784 /* Default-568h@2x.png in Resources */,
				467C18DD1EBD297E009DD784 /* Main.storyboard in Resources */,
			);
			runOnlyForDeploymentPostprocessing = 0;
		};
/* End PBXResourcesBuildPhase section */

/* Begin PBXSourcesBuildPhase section */
		467C18D01EBD297E009DD784 /* Sources */ = {
			isa = PBXSourcesBuildPhase;
			buildActionMask = 2147483647;
			files = (
				467C18DA1EBD297E009DD784 /* ViewController.swift in Sources */,
				467C18D81EBD297E009DD784 /* AppDelegate.swift in Sources */,
			);
			runOnlyForDeploymentPostprocessing = 0;
		};
/* End PBXSourcesBuildPhase section */

/* Begin PBXVariantGroup section */
		467C18DB1EBD297E009DD784 /* Main.storyboard */ = {
			isa = PBXVariantGroup;
			children = (
				467C18DC1EBD297E009DD784 /* Base */,
			);
			name = Main.storyboard;
			sourceTree = "<group>";
		};
		467C18E01EBD297E009DD784 /* LaunchScreen.storyboard */ = {
			isa = PBXVariantGroup;
			children = (
				467C18E11EBD297E009DD784 /* Base */,
			);
			name = LaunchScreen.storyboard;
			sourceTree = "<group>";
		};
/* End PBXVariantGroup section */

/* Begin XCBuildConfiguration section */
		467C18E41EBD297E009DD784 /* Debug */ = {
			isa = XCBuildConfiguration;
			buildSettings = {
				ALWAYS_SEARCH_USER_PATHS = NO;
				CLANG_ANALYZER_NONNULL = YES;
				CLANG_ANALYZER_NUMBER_OBJECT_CONVERSION = YES_AGGRESSIVE;
				CLANG_CXX_LANGUAGE_STANDARD = "gnu++0x";
				CLANG_CXX_LIBRARY = "libc++";
				CLANG_ENABLE_MODULES = YES;
				CLANG_ENABLE_OBJC_ARC = YES;
				CLANG_WARN_BOOL_CONVERSION = YES;
				CLANG_WARN_CONSTANT_CONVERSION = YES;
				CLANG_WARN_DIRECT_OBJC_ISA_USAGE = YES_ERROR;
				CLANG_WARN_DOCUMENTATION_COMMENTS = YES;
				CLANG_WARN_EMPTY_BODY = YES;
				CLANG_WARN_ENUM_CONVERSION = YES;
				CLANG_WARN_INFINITE_RECURSION = YES;
				CLANG_WARN_INT_CONVERSION = YES;
				CLANG_WARN_OBJC_ROOT_CLASS = YES_ERROR;
				CLANG_WARN_SUSPICIOUS_MOVE = YES;
				CLANG_WARN_UNREACHABLE_CODE = YES;
				CLANG_WARN__DUPLICATE_METHOD_MATCH = YES;
				"CODE_SIGN_IDENTITY[sdk=iphoneos*]" = "iPhone Developer";
				COPY_PHASE_STRIP = NO;
				DEBUG_INFORMATION_FORMAT = dwarf;
				ENABLE_STRICT_OBJC_MSGSEND = YES;
				ENABLE_TESTABILITY = YES;
				GCC_C_LANGUAGE_STANDARD = gnu99;
				GCC_DYNAMIC_NO_PIC = NO;
				GCC_NO_COMMON_BLOCKS = YES;
				GCC_OPTIMIZATION_LEVEL = 0;
				GCC_PREPROCESSOR_DEFINITIONS = (
					"DEBUG=1",
					"$(inherited)",
				);
				GCC_WARN_64_TO_32_BIT_CONVERSION = YES;
				GCC_WARN_ABOUT_RETURN_TYPE = YES_ERROR;
				GCC_WARN_UNDECLARED_SELECTOR = YES;
				GCC_WARN_UNINITIALIZED_AUTOS = YES_AGGRESSIVE;
				GCC_WARN_UNUSED_FUNCTION = YES;
				GCC_WARN_UNUSED_VARIABLE = YES;
				IPHONEOS_DEPLOYMENT_TARGET = 10.3;
				MTL_ENABLE_DEBUG_INFO = YES;
				ONLY_ACTIVE_ARCH = YES;
				SDKROOT = iphoneos;
				SWIFT_ACTIVE_COMPILATION_CONDITIONS = DEBUG;
				SWIFT_OPTIMIZATION_LEVEL = "-Onone";
			};
			name = Debug;
		};
		467C18E51EBD297E009DD784 /* Release */ = {
			isa = XCBuildConfiguration;
			buildSettings = {
				ALWAYS_SEARCH_USER_PATHS = NO;
				CLANG_ANALYZER_NONNULL = YES;
				CLANG_ANALYZER_NUMBER_OBJECT_CONVERSION = YES_AGGRESSIVE;
				CLANG_CXX_LANGUAGE_STANDARD = "gnu++0x";
				CLANG_CXX_LIBRARY = "libc++";
				CLANG_ENABLE_MODULES = YES;
				CLANG_ENABLE_OBJC_ARC = YES;
				CLANG_WARN_BOOL_CONVERSION = YES;
				CLANG_WARN_CONSTANT_CONVERSION = YES;
				CLANG_WARN_DIRECT_OBJC_ISA_USAGE = YES_ERROR;
				CLANG_WARN_DOCUMENTATION_COMMENTS = YES;
				CLANG_WARN_EMPTY_BODY = YES;
				CLANG_WARN_ENUM_CONVERSION = YES;
				CLANG_WARN_INFINITE_RECURSION = YES;
				CLANG_WARN_INT_CONVERSION = YES;
				CLANG_WARN_OBJC_ROOT_CLASS = YES_ERROR;
				CLANG_WARN_SUSPICIOUS_MOVE = YES;
				CLANG_WARN_UNREACHABLE_CODE = YES;
				CLANG_WARN__DUPLICATE_METHOD_MATCH = YES;
				"CODE_SIGN_IDENTITY[sdk=iphoneos*]" = "iPhone Developer";
				COPY_PHASE_STRIP = NO;
				DEBUG_INFORMATION_FORMAT = "dwarf-with-dsym";
				ENABLE_NS_ASSERTIONS = NO;
				ENABLE_STRICT_OBJC_MSGSEND = YES;
				GCC_C_LANGUAGE_STANDARD = gnu99;
				GCC_NO_COMMON_BLOCKS = YES;
				GCC_WARN_64_TO_32_BIT_CONVERSION = YES;
				GCC_WARN_ABOUT_RETURN_TYPE = YES_ERROR;
				GCC_WARN_UNDECLARED_SELECTOR = YES;
				GCC_WARN_UNINITIALIZED_AUTOS = YES_AGGRESSIVE;
				GCC_WARN_UNUSED_FUNCTION = YES;
				GCC_WARN_UNUSED_VARIABLE = YES;
				IPHONEOS_DEPLOYMENT_TARGET = 10.3;
				MTL_ENABLE_DEBUG_INFO = NO;
				SDKROOT = iphoneos;
				SWIFT_OPTIMIZATION_LEVEL = "-Owholemodule";
				VALIDATE_PRODUCT = YES;
			};
			name = Release;
		};
		467C18E71EBD297E009DD784 /* Debug */ = {
			isa = XCBuildConfiguration;
			buildSettings = {
				ASSETCATALOG_COMPILER_APPICON_NAME = AppIcon;
				INFOPLIST_FILE = "Whats the Weather/Info.plist";
				LD_RUNPATH_SEARCH_PATHS = "$(inherited) @executable_path/Frameworks";
				PRODUCT_BUNDLE_IDENTIFIER = "com.edgarsalinas.Whats-the-Weather";
				PRODUCT_NAME = "$(TARGET_NAME)";
				SWIFT_VERSION = 3.0;
			};
			name = Debug;
		};
		467C18E81EBD297E009DD784 /* Release */ = {
			isa = XCBuildConfiguration;
			buildSettings = {
				ASSETCATALOG_COMPILER_APPICON_NAME = AppIcon;
				INFOPLIST_FILE = "Whats the Weather/Info.plist";
				LD_RUNPATH_SEARCH_PATHS = "$(inherited) @executable_path/Frameworks";
				PRODUCT_BUNDLE_IDENTIFIER = "com.edgarsalinas.Whats-the-Weather";
				PRODUCT_NAME = "$(TARGET_NAME)";
				SWIFT_VERSION = 3.0;
			};
			name = Release;
		};
/* End XCBuildConfiguration section */

/* Begin XCConfigurationList section */
		467C18CF1EBD297E009DD784 /* Build configuration list for PBXProject "Whats the Weather" */ = {
			isa = XCConfigurationList;
			buildConfigurations = (
				467C18E41EBD297E009DD784 /* Debug */,
				467C18E51EBD297E009DD784 /* Release */,
			);
			defaultConfigurationIsVisible = 0;
			defaultConfigurationName = Release;
		};
		467C18E61EBD297E009DD784 /* Build configuration list for PBXNativeTarget "Whats the Weather" */ = {
			isa = XCConfigurationList;
			buildConfigurations = (
				467C18E71EBD297E009DD784 /* Debug */,
				467C18E81EBD297E009DD784 /* Release */,
			);
			defaultConfigurationIsVisible = 0;
		};
/* End XCConfigurationList section */
	};
	rootObject = 467C18CC1EBD297E009DD784 /* Project object */;
}
